
Microsoft Visual Studio Solution File, Format Version 12.00
# Visual Studio Version 17
VisualStudioVersion = 17.14.36518.9 d17.14
MinimumVisualStudioVersion = 10.0.40219.1
Project("{FAE04EC0-301F-11D3-BF4B-00C04F79EFBC}") = "ColorFuse", "ColorFuse.csproj", "{F8DD08F0-5804-4756-BF3B-972A6FA39968}"
EndProject
Global
	GlobalSection(SolutionConfigurationPlatforms) = preSolution
		Debug|Any CPU = Debug|Any CPU
		Release|Any CPU = Release|Any CPU
	EndGlobalSection
	GlobalSection(ProjectConfigurationPlatforms) = postSolution
		{F8DD08F0-5804-4756-BF3B-972A6FA39968}.Debug|Any CPU.ActiveCfg = Debug|Any CPU
		{F8DD08F0-5804-4756-BF3B-972A6FA39968}.Debug|Any CPU.Build.0 = Debug|Any CPU
		{F8DD08F0-5804-4756-BF3B-972A6FA39968}.Release|Any CPU.ActiveCfg = Release|Any CPU
		{F8DD08F0-5804-4756-BF3B-972A6FA39968}.Release|Any CPU.Build.0 = Release|Any CPU
	EndGlobalSection
	GlobalSection(SolutionProperties) = preSolution
		HideSolutionNode = FALSE
	EndGlobalSection
	GlobalSection(ExtensibilityGlobals) = postSolution
		SolutionGuid = {429EA25D-7A4B-4F89-AC7A-32877FD7D162}
	EndGlobalSection
EndGlobal
